
Microsoft Visual Studio Solution File, Format Version 12.00
# Visual Studio 14
VisualStudioVersion = 14.0.25420.1
MinimumVisualStudioVersion = 10.0.40219.1
Project("{2150E333-8FDC-42A3-9474-1A3956D46DE8}") = "src", "src", "{B3CB4441-B717-4959-81D0-6E3045EA1305}"
EndProject
Project("{2150E333-8FDC-42A3-9474-1A3956D46DE8}") = "Solution Items", "Solution Items", "{15C1161C-6C4C-4E6F-AB32-B861A33EAACF}"
	ProjectSection(SolutionItems) = preProject
		global.json = global.json
		..\README.md = ..\README.md
	EndProjectSection
EndProject
Project("{8BB2217D-0F2D-49D1-97BC-3654ED321F3B}") = "AureliaClubDemo.UI", "..\src\AureliaClubDemo.UI\AureliaClubDemo.UI.xproj", "{307AF316-E6AB-4E96-A9B6-BF5B4846308A}"
EndProject
Global
	GlobalSection(SolutionConfigurationPlatforms) = preSolution
		Debug|Any CPU = Debug|Any CPU
		Release|Any CPU = Release|Any CPU
	EndGlobalSection
	GlobalSection(ProjectConfigurationPlatforms) = postSolution
		{307AF316-E6AB-4E96-A9B6-BF5B4846308A}.Debug|Any CPU.ActiveCfg = Debug|Any CPU
		{307AF316-E6AB-4E96-A9B6-BF5B4846308A}.Debug|Any CPU.Build.0 = Debug|Any CPU
		{307AF316-E6AB-4E96-A9B6-BF5B4846308A}.Release|Any CPU.ActiveCfg = Release|Any CPU
		{307AF316-E6AB-4E96-A9B6-BF5B4846308A}.Release|Any CPU.Build.0 = Release|Any CPU
	EndGlobalSection
	GlobalSection(SolutionProperties) = preSolution
		HideSolutionNode = FALSE
	EndGlobalSection
	GlobalSection(NestedProjects) = preSolution
		{307AF316-E6AB-4E96-A9B6-BF5B4846308A} = {B3CB4441-B717-4959-81D0-6E3045EA1305}
	EndGlobalSection
EndGlobal
